
Microsoft Visual Studio Solution File, Format Version 12.00
# Visual Studio Version 17
VisualStudioVersion = 17.4.33213.308
MinimumVisualStudioVersion = 10.0.40219.1
Project("{FAE04EC0-301F-11D3-BF4B-00C04F79EFBC}") = "r0cky", "ConsoleApp1\r0cky.csproj", "{E7523F29-526F-4EE8-A6AB-90298C4E3502}"
EndProject
Global
	GlobalSection(SolutionConfigurationPlatforms) = preSolution
		Debug|Any CPU = Debug|Any CPU
		Release|Any CPU = Release|Any CPU
	EndGlobalSection
	GlobalSection(ProjectConfigurationPlatforms) = postSolution
		{E7523F29-526F-4EE8-A6AB-90298C4E3502}.Debug|Any CPU.ActiveCfg = Debug|Any CPU
		{E7523F29-526F-4EE8-A6AB-90298C4E3502}.Debug|Any CPU.Build.0 = Debug|Any CPU
		{E7523F29-526F-4EE8-A6AB-90298C4E3502}.Release|Any CPU.ActiveCfg = Release|Any CPU
		{E7523F29-526F-4EE8-A6AB-90298C4E3502}.Release|Any CPU.Build.0 = Release|Any CPU
	EndGlobalSection
	GlobalSection(SolutionProperties) = preSolution
		HideSolutionNode = FALSE
	EndGlobalSection
	GlobalSection(ExtensibilityGlobals) = postSolution
		SolutionGuid = {175DE92C-8162-472D-939A-0495F8DDB8B6}
	EndGlobalSection
EndGlobal
